// !$*UTF8*$!
{
	archiveVersion = 1;
	classes = {
	};
	objectVersion = 51;
	objects = {

/* Begin PBXBuildFile section */
		993D5D3C0F89E19DAC04930D /* Pods_MemoryPuzzle.framework in Frameworks */ = {isa = PBXBuildFile; fileRef = 1E5B65E90897930E6722CABF /* Pods_MemoryPuzzle.framework */; };
		F44CE23624619EA000EB3C2B /* AppDelegate.swift in Sources */ = {isa = PBXBuildFile; fileRef = F44CE23524619EA000EB3C2B /* AppDelegate.swift */; };
		F44CE23F24619EA200EB3C2B /* Assets.xcassets in Resources */ = {isa = PBXBuildFile; fileRef = F44CE23E24619EA200EB3C2B /* Assets.xcassets */; };
		F44CE24224619EA200EB3C2B /* LaunchScreen.storyboard in Resources */ = {isa = PBXBuildFile; fileRef = F44CE24024619EA200EB3C2B /* LaunchScreen.storyboard */; };
		F45AF37224629851009DC5D3 /* MainViewController.swift in Sources */ = {isa = PBXBuildFile; fileRef = F45AF37124629851009DC5D3 /* MainViewController.swift */; };
		F45AF3782462AC76009DC5D3 /* LogoAnimationView.swift in Sources */ = {isa = PBXBuildFile; fileRef = F45AF3772462AC76009DC5D3 /* LogoAnimationView.swift */; };
		F45AF37C2462B391009DC5D3 /* MainView.swift in Sources */ = {isa = PBXBuildFile; fileRef = F45AF37B2462B391009DC5D3 /* MainView.swift */; };
		F45AF37D2462BCF1009DC5D3 /* diablo.ttf in Resources */ = {isa = PBXBuildFile; fileRef = F44CE2492461AA0700EB3C2B /* diablo.ttf */; };
		F45AF37F2462CB41009DC5D3 /* TimeLaps.swift in Sources */ = {isa = PBXBuildFile; fileRef = F45AF37E2462CB41009DC5D3 /* TimeLaps.swift */; };
		F45AF3842462CDE4009DC5D3 /* GameManager.swift in Sources */ = {isa = PBXBuildFile; fileRef = F45AF3832462CDE4009DC5D3 /* GameManager.swift */; };
		F486253824654AAA00284547 /* IngameViewController.swift in Sources */ = {isa = PBXBuildFile; fileRef = F486253724654AAA00284547 /* IngameViewController.swift */; };
		F486253A24654B0700284547 /* Card.swift in Sources */ = {isa = PBXBuildFile; fileRef = F486253924654B0700284547 /* Card.swift */; };
		F486253C2465516E00284547 /* PuzzleCell.swift in Sources */ = {isa = PBXBuildFile; fileRef = F486253B2465516E00284547 /* PuzzleCell.swift */; };
		F486253E24655FDE00284547 /* Extensions.swift in Sources */ = {isa = PBXBuildFile; fileRef = F486253D24655FDE00284547 /* Extensions.swift */; };
		F48625402465603000284547 /* IngameView.swift in Sources */ = {isa = PBXBuildFile; fileRef = F486253F2465603000284547 /* IngameView.swift */; };
		F4A18F4B246EC97D0019379D /* launch.gif in Resources */ = {isa = PBXBuildFile; fileRef = F4A18F4A246EC97C0019379D /* launch.gif */; };
/* End PBXBuildFile section */

/* Begin PBXFileReference section */
		18EE24C1D3104FE4956CD620 /* Pods-MemoryPuzzle.debug.xcconfig */ = {isa = PBXFileReference; includeInIndex = 1; lastKnownFileType = text.xcconfig; name = "Pods-MemoryPuzzle.debug.xcconfig"; path = "Target Support Files/Pods-MemoryPuzzle/Pods-MemoryPuzzle.debug.xcconfig"; sourceTree = "<group>"; };
		1E5B65E90897930E6722CABF /* Pods_MemoryPuzzle.framework */ = {isa = PBXFileReference; explicitFileType = wrapper.framework; includeInIndex = 0; path = Pods_MemoryPuzzle.framework; sourceTree = BUILT_PRODUCTS_DIR; };
		62F2E8570E5D1F6A4A16C6A5 /* Pods-MemoryPuzzle.release.xcconfig */ = {isa = PBXFileReference; includeInIndex = 1; lastKnownFileType = text.xcconfig; name = "Pods-MemoryPuzzle.release.xcconfig"; path = "Target Support Files/Pods-MemoryPuzzle/Pods-MemoryPuzzle.release.xcconfig"; sourceTree = "<group>"; };
		F44CE23224619EA000EB3C2B /* MemoryPuzzle.app */ = {isa = PBXFileReference; explicitFileType = wrapper.application; includeInIndex = 0; path = MemoryPuzzle.app; sourceTree = BUILT_PRODUCTS_DIR; };
		F44CE23524619EA000EB3C2B /* AppDelegate.swift */ = {isa = PBXFileReference; lastKnownFileType = sourcecode.swift; path = AppDelegate.swift; sourceTree = "<group>"; };
		F44CE23E24619EA200EB3C2B /* Assets.xcassets */ = {isa = PBXFileReference; lastKnownFileType = folder.assetcatalog; path = Assets.xcassets; sourceTree = "<group>"; };
		F44CE24124619EA200EB3C2B /* Base */ = {isa = PBXFileReference; lastKnownFileType = file.storyboard; name = Base; path = Base.lproj/LaunchScreen.storyboard; sourceTree = "<group>"; };
		F44CE24324619EA200EB3C2B /* Info.plist */ = {isa = PBXFileReference; lastKnownFileType = text.plist.xml; path = Info.plist; sourceTree = "<group>"; };
		F44CE2492461AA0700EB3C2B /* diablo.ttf */ = {isa = PBXFileReference; lastKnownFileType = file; path = diablo.ttf; sourceTree = "<group>"; };
		F45AF37124629851009DC5D3 /* MainViewController.swift */ = {isa = PBXFileReference; lastKnownFileType = sourcecode.swift; path = MainViewController.swift; sourceTree = "<group>"; };
		F45AF3772462AC76009DC5D3 /* LogoAnimationView.swift */ = {isa = PBXFileReference; lastKnownFileType = sourcecode.swift; path = LogoAnimationView.swift; sourceTree = "<group>"; };
		F45AF37B2462B391009DC5D3 /* MainView.swift */ = {isa = PBXFileReference; lastKnownFileType = sourcecode.swift; path = MainView.swift; sourceTree = "<group>"; };
		F45AF37E2462CB41009DC5D3 /* TimeLaps.swift */ = {isa = PBXFileReference; lastKnownFileType = sourcecode.swift; path = TimeLaps.swift; sourceTree = "<group>"; };
		F45AF3832462CDE4009DC5D3 /* GameManager.swift */ = {isa = PBXFileReference; lastKnownFileType = sourcecode.swift; path = GameManager.swift; sourceTree = "<group>"; };
		F486253724654AAA00284547 /* IngameViewController.swift */ = {isa = PBXFileReference; lastKnownFileType = sourcecode.swift; path = IngameViewController.swift; sourceTree = "<group>"; };
		F486253924654B0700284547 /* Card.swift */ = {isa = PBXFileReference; lastKnownFileType = sourcecode.swift; path = Card.swift; sourceTree = "<group>"; };
		F486253B2465516E00284547 /* PuzzleCell.swift */ = {isa = PBXFileReference; lastKnownFileType = sourcecode.swift; path = PuzzleCell.swift; sourceTree = "<group>"; };
		F486253D24655FDE00284547 /* Extensions.swift */ = {isa = PBXFileReference; lastKnownFileType = sourcecode.swift; path = Extensions.swift; sourceTree = "<group>"; };
		F486253F2465603000284547 /* IngameView.swift */ = {isa = PBXFileReference; lastKnownFileType = sourcecode.swift; path = IngameView.swift; sourceTree = "<group>"; };
		F4A18F4A246EC97C0019379D /* launch.gif */ = {isa = PBXFileReference; lastKnownFileType = image.gif; path = launch.gif; sourceTree = "<group>"; };
/* End PBXFileReference section */

/* Begin PBXFrameworksBuildPhase section */
		F44CE22F24619EA000EB3C2B /* Frameworks */ = {
			isa = PBXFrameworksBuildPhase;
			buildActionMask = 2147483647;
			files = (
				993D5D3C0F89E19DAC04930D /* Pods_MemoryPuzzle.framework in Frameworks */,
			);
			runOnlyForDeploymentPostprocessing = 0;
		};
/* End PBXFrameworksBuildPhase section */

/* Begin PBXGroup section */
		1A701379B74AFAFF6DF6F8A8 /* Frameworks */ = {
			isa = PBXGroup;
			children = (
				1E5B65E90897930E6722CABF /* Pods_MemoryPuzzle.framework */,
			);
			name = Frameworks;
			sourceTree = "<group>";
		};
		F44CE22924619EA000EB3C2B = {
			isa = PBXGroup;
			children = (
				F44CE23424619EA000EB3C2B /* MemoryPuzzle */,
				F44CE23324619EA000EB3C2B /* Products */,
				F8ED1D3761E1BA830584F89D /* Pods */,
				1A701379B74AFAFF6DF6F8A8 /* Frameworks */,
			);
			sourceTree = "<group>";
		};
		F44CE23324619EA000EB3C2B /* Products */ = {
			isa = PBXGroup;
			children = (
				F44CE23224619EA000EB3C2B /* MemoryPuzzle.app */,
			);
			name = Products;
			sourceTree = "<group>";
		};
		F44CE23424619EA000EB3C2B /* MemoryPuzzle */ = {
			isa = PBXGroup;
			children = (
				F486254524656B5400284547 /* Assets */,
				F45AF37624629891009DC5D3 /* Models */,
				F45AF3752462988C009DC5D3 /* Cells */,
				F45AF37424629887009DC5D3 /* Views */,
				F45AF37324629882009DC5D3 /* Controllers */,
				F44CE23524619EA000EB3C2B /* AppDelegate.swift */,
				F44CE23E24619EA200EB3C2B /* Assets.xcassets */,
				F44CE24024619EA200EB3C2B /* LaunchScreen.storyboard */,
				F44CE24324619EA200EB3C2B /* Info.plist */,
			);
			path = MemoryPuzzle;
			sourceTree = "<group>";
		};
		F45AF37324629882009DC5D3 /* Controllers */ = {
			isa = PBXGroup;
			children = (
				F45AF37124629851009DC5D3 /* MainViewController.swift */,
				F486253724654AAA00284547 /* IngameViewController.swift */,
			);
			path = Controllers;
			sourceTree = "<group>";
		};
		F45AF37424629887009DC5D3 /* Views */ = {
			isa = PBXGroup;
			children = (
				F45AF3772462AC76009DC5D3 /* LogoAnimationView.swift */,
				F45AF37B2462B391009DC5D3 /* MainView.swift */,
				F486253F2465603000284547 /* IngameView.swift */,
			);
			path = Views;
			sourceTree = "<group>";
		};
		F45AF3752462988C009DC5D3 /* Cells */ = {
			isa = PBXGroup;
			children = (
				F486253B2465516E00284547 /* PuzzleCell.swift */,
			);
			path = Cells;
			sourceTree = "<group>";
		};
		F45AF37624629891009DC5D3 /* Models */ = {
			isa = PBXGroup;
			children = (
				F45AF37E2462CB41009DC5D3 /* TimeLaps.swift */,
				F45AF3832462CDE4009DC5D3 /* GameManager.swift */,
				F486253924654B0700284547 /* Card.swift */,
				F486253D24655FDE00284547 /* Extensions.swift */,
			);
			path = Models;
			sourceTree = "<group>";
		};
		F486254524656B5400284547 /* Assets */ = {
			isa = PBXGroup;
			children = (
				F44CE2492461AA0700EB3C2B /* diablo.ttf */,
				F4A18F4A246EC97C0019379D /* launch.gif */,
			);
			path = Assets;
			sourceTree = "<group>";
		};
		F8ED1D3761E1BA830584F89D /* Pods */ = {
			isa = PBXGroup;
			children = (
				18EE24C1D3104FE4956CD620 /* Pods-MemoryPuzzle.debug.xcconfig */,
				62F2E8570E5D1F6A4A16C6A5 /* Pods-MemoryPuzzle.release.xcconfig */,
			);
			path = Pods;
			sourceTree = "<group>";
		};
/* End PBXGroup section */

/* Begin PBXNativeTarget section */
		F44CE23124619EA000EB3C2B /* MemoryPuzzle */ = {
			isa = PBXNativeTarget;
			buildConfigurationList = F44CE24624619EA200EB3C2B /* Build configuration list for PBXNativeTarget "MemoryPuzzle" */;
			buildPhases = (
				080EB2CB4F77B5B374947039 /* [CP] Check Pods Manifest.lock */,
				F44CE22E24619EA000EB3C2B /* Sources */,
				F44CE22F24619EA000EB3C2B /* Frameworks */,
				F44CE23024619EA000EB3C2B /* Resources */,
				E68D33BB726974729F339608 /* [CP] Embed Pods Frameworks */,
			);
			buildRules = (
			);
			dependencies = (
			);
			name = MemoryPuzzle;
			productName = MemoryPuzzle;
			productReference = F44CE23224619EA000EB3C2B /* MemoryPuzzle.app */;
			productType = "com.apple.product-type.application";
		};
/* End PBXNativeTarget section */

/* Begin PBXProject section */
		F44CE22A24619EA000EB3C2B /* Project object */ = {
			isa = PBXProject;
			attributes = {
				LastSwiftUpdateCheck = 1130;
				LastUpgradeCheck = 1130;
				ORGANIZATIONNAME = sandMan;
				TargetAttributes = {
					F44CE23124619EA000EB3C2B = {
						CreatedOnToolsVersion = 11.3.1;
					};
				};
			};
			buildConfigurationList = F44CE22D24619EA000EB3C2B /* Build configuration list for PBXProject "MemoryPuzzle" */;
			compatibilityVersion = "Xcode 9.3";
			developmentRegion = en;
			hasScannedForEncodings = 0;
			knownRegions = (
				en,
				Base,
			);
			mainGroup = F44CE22924619EA000EB3C2B;
			productRefGroup = F44CE23324619EA000EB3C2B /* Products */;
			projectDirPath = "";
			projectRoot = "";
			targets = (
				F44CE23124619EA000EB3C2B /* MemoryPuzzle */,
			);
		};
/* End PBXProject section */

/* Begin PBXResourcesBuildPhase section */
		F44CE23024619EA000EB3C2B /* Resources */ = {
			isa = PBXResourcesBuildPhase;
			buildActionMask = 2147483647;
			files = (
				F44CE24224619EA200EB3C2B /* LaunchScreen.storyboard in Resources */,
				F4A18F4B246EC97D0019379D /* launch.gif in Resources */,
				F45AF37D2462BCF1009DC5D3 /* diablo.ttf in Resources */,
				F44CE23F24619EA200EB3C2B /* Assets.xcassets in Resources */,
			);
			runOnlyForDeploymentPostprocessing = 0;
		};
/* End PBXResourcesBuildPhase section */

/* Begin PBXShellScriptBuildPhase section */
		080EB2CB4F77B5B374947039 /* [CP] Check Pods Manifest.lock */ = {
			isa = PBXShellScriptBuildPhase;
			buildActionMask = 2147483647;
			files = (
			);
			inputFileListPaths = (
			);
			inputPaths = (
				"${PODS_PODFILE_DIR_PATH}/Podfile.lock",
				"${PODS_ROOT}/Manifest.lock",
			);
			name = "[CP] Check Pods Manifest.lock";
			outputFileListPaths = (
			);
			outputPaths = (
				"$(DERIVED_FILE_DIR)/Pods-MemoryPuzzle-checkManifestLockResult.txt",
			);
			runOnlyForDeploymentPostprocessing = 0;
			shellPath = /bin/sh;
			shellScript = "diff \"${PODS_PODFILE_DIR_PATH}/Podfile.lock\" \"${PODS_ROOT}/Manifest.lock\" > /dev/null\nif [ $? != 0 ] ; then\n    # print error to STDERR\n    echo \"error: The sandbox is not in sync with the Podfile.lock. Run 'pod install' or update your CocoaPods installation.\" >&2\n    exit 1\nfi\n# This output is used by Xcode 'outputs' to avoid re-running this script phase.\necho \"SUCCESS\" > \"${SCRIPT_OUTPUT_FILE_0}\"\n";
			showEnvVarsInLog = 0;
		};
		E68D33BB726974729F339608 /* [CP] Embed Pods Frameworks */ = {
			isa = PBXShellScriptBuildPhase;
			buildActionMask = 2147483647;
			files = (
			);
			inputFileListPaths = (
				"${PODS_ROOT}/Target Support Files/Pods-MemoryPuzzle/Pods-MemoryPuzzle-frameworks-${CONFIGURATION}-input-files.xcfilelist",
			);
			name = "[CP] Embed Pods Frameworks";
			outputFileListPaths = (
				"${PODS_ROOT}/Target Support Files/Pods-MemoryPuzzle/Pods-MemoryPuzzle-frameworks-${CONFIGURATION}-output-files.xcfilelist",
			);
			runOnlyForDeploymentPostprocessing = 0;
			shellPath = /bin/sh;
			shellScript = "\"${PODS_ROOT}/Target Support Files/Pods-MemoryPuzzle/Pods-MemoryPuzzle-frameworks.sh\"\n";
			showEnvVarsInLog = 0;
		};
/* End PBXShellScriptBuildPhase section */

/* Begin PBXSourcesBuildPhase section */
		F44CE22E24619EA000EB3C2B /* Sources */ = {
			isa = PBXSourcesBuildPhase;
			buildActionMask = 2147483647;
			files = (
				F48625402465603000284547 /* IngameView.swift in Sources */,
				F45AF37F2462CB41009DC5D3 /* TimeLaps.swift in Sources */,
				F45AF3842462CDE4009DC5D3 /* GameManager.swift in Sources */,
				F44CE23624619EA000EB3C2B /* AppDelegate.swift in Sources */,
				F486253C2465516E00284547 /* PuzzleCell.swift in Sources */,
				F45AF37C2462B391009DC5D3 /* MainView.swift in Sources */,
				F486253E24655FDE00284547 /* Extensions.swift in Sources */,
				F486253824654AAA00284547 /* IngameViewController.swift in Sources */,
				F45AF37224629851009DC5D3 /* MainViewController.swift in Sources */,
				F45AF3782462AC76009DC5D3 /* LogoAnimationView.swift in Sources */,
				F486253A24654B0700284547 /* Card.swift in Sources */,
			);
			runOnlyForDeploymentPostprocessing = 0;
		};
/* End PBXSourcesBuildPhase section */

/* Begin PBXVariantGroup section */
		F44CE24024619EA200EB3C2B /* LaunchScreen.storyboard */ = {
			isa = PBXVariantGroup;
			children = (
				F44CE24124619EA200EB3C2B /* Base */,
			);
			name = LaunchScreen.storyboard;
			sourceTree = "<group>";
		};
/* End PBXVariantGroup section */

/* Begin XCBuildConfiguration section */
		F44CE24424619EA200EB3C2B /* Debug */ = {
			isa = XCBuildConfiguration;
			buildSettings = {
				ALWAYS_SEARCH_USER_PATHS = NO;
				CLANG_ANALYZER_NONNULL = YES;
				CLANG_ANALYZER_NUMBER_OBJECT_CONVERSION = YES_AGGRESSIVE;
				CLANG_CXX_LANGUAGE_STANDARD = "gnu++14";
				CLANG_CXX_LIBRARY = "libc++";
				CLANG_ENABLE_MODULES = YES;
				CLANG_ENABLE_OBJC_ARC = YES;
				CLANG_ENABLE_OBJC_WEAK = YES;
				CLANG_WARN_BLOCK_CAPTURE_AUTORELEASING = YES;
				CLANG_WARN_BOOL_CONVERSION = YES;
				CLANG_WARN_COMMA = YES;
				CLANG_WARN_CONSTANT_CONVERSION = YES;
				CLANG_WARN_DEPRECATED_OBJC_IMPLEMENTATIONS = YES;
				CLANG_WARN_DIRECT_OBJC_ISA_USAGE = YES_ERROR;
				CLANG_WARN_DOCUMENTATION_COMMENTS = YES;
				CLANG_WARN_EMPTY_BODY = YES;
				CLANG_WARN_ENUM_CONVERSION = YES;
				CLANG_WARN_INFINITE_RECURSION = YES;
				CLANG_WARN_INT_CONVERSION = YES;
				CLANG_WARN_NON_LITERAL_NULL_CONVERSION = YES;
				CLANG_WARN_OBJC_IMPLICIT_RETAIN_SELF = YES;
				CLANG_WARN_OBJC_LITERAL_CONVERSION = YES;
				CLANG_WARN_OBJC_ROOT_CLASS = YES_ERROR;
				CLANG_WARN_RANGE_LOOP_ANALYSIS = YES;
				CLANG_WARN_STRICT_PROTOTYPES = YES;
				CLANG_WARN_SUSPICIOUS_MOVE = YES;
				CLANG_WARN_UNGUARDED_AVAILABILITY = YES_AGGRESSIVE;
				CLANG_WARN_UNREACHABLE_CODE = YES;
				CLANG_WARN__DUPLICATE_METHOD_MATCH = YES;
				COPY_PHASE_STRIP = NO;
				DEBUG_INFORMATION_FORMAT = dwarf;
				ENABLE_STRICT_OBJC_MSGSEND = YES;
				ENABLE_TESTABILITY = YES;
				GCC_C_LANGUAGE_STANDARD = gnu11;
				GCC_DYNAMIC_NO_PIC = NO;
				GCC_NO_COMMON_BLOCKS = YES;
				GCC_OPTIMIZATION_LEVEL = 0;
				GCC_PREPROCESSOR_DEFINITIONS = (
					"DEBUG=1",
					"$(inherited)",
				);
				GCC_WARN_64_TO_32_BIT_CONVERSION = YES;
				GCC_WARN_ABOUT_RETURN_TYPE = YES_ERROR;
				GCC_WARN_UNDECLARED_SELECTOR = YES;
				GCC_WARN_UNINITIALIZED_AUTOS = YES_AGGRESSIVE;
				GCC_WARN_UNUSED_FUNCTION = YES;
				GCC_WARN_UNUSED_VARIABLE = YES;
				IPHONEOS_DEPLOYMENT_TARGET = 13.2;
				MTL_ENABLE_DEBUG_INFO = INCLUDE_SOURCE;
				MTL_FAST_MATH = YES;
				ONLY_ACTIVE_ARCH = YES;
				SDKROOT = iphoneos;
				SWIFT_ACTIVE_COMPILATION_CONDITIONS = DEBUG;
				SWIFT_OPTIMIZATION_LEVEL = "-Onone";
				SWIFT_PRECOMPILE_BRIDGING_HEADER = YES;
			};
			name = Debug;
		};
		F44CE24524619EA200EB3C2B /* Release */ = {
			isa = XCBuildConfiguration;
			buildSettings = {
				ALWAYS_SEARCH_USER_PATHS = NO;
				CLANG_ANALYZER_NONNULL = YES;
				CLANG_ANALYZER_NUMBER_OBJECT_CONVERSION = YES_AGGRESSIVE;
				CLANG_CXX_LANGUAGE_STANDARD = "gnu++14";
				CLANG_CXX_LIBRARY = "libc++";
				CLANG_ENABLE_MODULES = YES;
				CLANG_ENABLE_OBJC_ARC = YES;
				CLANG_ENABLE_OBJC_WEAK = YES;
				CLANG_WARN_BLOCK_CAPTURE_AUTORELEASING = YES;
				CLANG_WARN_BOOL_CONVERSION = YES;
				CLANG_WARN_COMMA = YES;
				CLANG_WARN_CONSTANT_CONVERSION = YES;
				CLANG_WARN_DEPRECATED_OBJC_IMPLEMENTATIONS = YES;
				CLANG_WARN_DIRECT_OBJC_ISA_USAGE = YES_ERROR;
				CLANG_WARN_DOCUMENTATION_COMMENTS = YES;
				CLANG_WARN_EMPTY_BODY = YES;
				CLANG_WARN_ENUM_CONVERSION = YES;
				CLANG_WARN_INFINITE_RECURSION = YES;
				CLANG_WARN_INT_CONVERSION = YES;
				CLANG_WARN_NON_LITERAL_NULL_CONVERSION = YES;
				CLANG_WARN_OBJC_IMPLICIT_RETAIN_SELF = YES;
				CLANG_WARN_OBJC_LITERAL_CONVERSION = YES;
				CLANG_WARN_OBJC_ROOT_CLASS = YES_ERROR;
				CLANG_WARN_RANGE_LOOP_ANALYSIS = YES;
				CLANG_WARN_STRICT_PROTOTYPES = YES;
				CLANG_WARN_SUSPICIOUS_MOVE = YES;
				CLANG_WARN_UNGUARDED_AVAILABILITY = YES_AGGRESSIVE;
				CLANG_WARN_UNREACHABLE_CODE = YES;
				CLANG_WARN__DUPLICATE_METHOD_MATCH = YES;
				COPY_PHASE_STRIP = NO;
				DEBUG_INFORMATION_FORMAT = "dwarf-with-dsym";
				ENABLE_NS_ASSERTIONS = NO;
				ENABLE_STRICT_OBJC_MSGSEND = YES;
				GCC_C_LANGUAGE_STANDARD = gnu11;
				GCC_NO_COMMON_BLOCKS = YES;
				GCC_WARN_64_TO_32_BIT_CONVERSION = YES;
				GCC_WARN_ABOUT_RETURN_TYPE = YES_ERROR;
				GCC_WARN_UNDECLARED_SELECTOR = YES;
				GCC_WARN_UNINITIALIZED_AUTOS = YES_AGGRESSIVE;
				GCC_WARN_UNUSED_FUNCTION = YES;
				GCC_WARN_UNUSED_VARIABLE = YES;
				IPHONEOS_DEPLOYMENT_TARGET = 13.2;
				MTL_ENABLE_DEBUG_INFO = NO;
				MTL_FAST_MATH = YES;
				SDKROOT = iphoneos;
				SWIFT_COMPILATION_MODE = wholemodule;
				SWIFT_OPTIMIZATION_LEVEL = "-O";
				SWIFT_PRECOMPILE_BRIDGING_HEADER = YES;
				VALIDATE_PRODUCT = YES;
			};
			name = Release;
		};
		F44CE24724619EA200EB3C2B /* Debug */ = {
			isa = XCBuildConfiguration;
			baseConfigurationReference = 18EE24C1D3104FE4956CD620 /* Pods-MemoryPuzzle.debug.xcconfig */;
			buildSettings = {
				ASSETCATALOG_COMPILER_APPICON_NAME = AppIcon;
				CODE_SIGN_STYLE = Automatic;
				DEVELOPMENT_TEAM = G4MM77V7NH;
				INFOPLIST_FILE = MemoryPuzzle/Info.plist;
				LD_RUNPATH_SEARCH_PATHS = (
					"$(inherited)",
					"@executable_path/Frameworks",
				);
				PRODUCT_BUNDLE_IDENTIFIER = com.fastcampus.swift.sandman77.MemoryPuzzle;
				PRODUCT_NAME = "$(TARGET_NAME)";
				SWIFT_VERSION = 5.0;
				TARGETED_DEVICE_FAMILY = "1,2";
			};
			name = Debug;
		};
		F44CE24824619EA200EB3C2B /* Release */ = {
			isa = XCBuildConfiguration;
			baseConfigurationReference = 62F2E8570E5D1F6A4A16C6A5 /* Pods-MemoryPuzzle.release.xcconfig */;
			buildSettings = {
				ASSETCATALOG_COMPILER_APPICON_NAME = AppIcon;
				CODE_SIGN_STYLE = Automatic;
				DEVELOPMENT_TEAM = G4MM77V7NH;
				INFOPLIST_FILE = MemoryPuzzle/Info.plist;
				LD_RUNPATH_SEARCH_PATHS = (
					"$(inherited)",
					"@executable_path/Frameworks",
				);
				PRODUCT_BUNDLE_IDENTIFIER = com.fastcampus.swift.sandman77.MemoryPuzzle;
				PRODUCT_NAME = "$(TARGET_NAME)";
				SWIFT_VERSION = 5.0;
				TARGETED_DEVICE_FAMILY = "1,2";
			};
			name = Release;
		};
/* End XCBuildConfiguration section */

/* Begin XCConfigurationList section */
		F44CE22D24619EA000EB3C2B /* Build configuration list for PBXProject "MemoryPuzzle" */ = {
			isa = XCConfigurationList;
			buildConfigurations = (
				F44CE24424619EA200EB3C2B /* Debug */,
				F44CE24524619EA200EB3C2B /* Release */,
			);
			defaultConfigurationIsVisible = 0;
			defaultConfigurationName = Release;
		};
		F44CE24624619EA200EB3C2B /* Build configuration list for PBXNativeTarget "MemoryPuzzle" */ = {
			isa = XCConfigurationList;
			buildConfigurations = (
				F44CE24724619EA200EB3C2B /* Debug */,
				F44CE24824619EA200EB3C2B /* Release */,
			);
			defaultConfigurationIsVisible = 0;
			defaultConfigurationName = Release;
		};
/* End XCConfigurationList section */
	};
	rootObject = F44CE22A24619EA000EB3C2B /* Project object */;
}
